
Microsoft Visual Studio Solution File, Format Version 12.00
# Visual Studio Version 17
VisualStudioVersion = 17.0.32126.317
MinimumVisualStudioVersion = 10.0.40219.1
Project("{FAE04EC0-301F-11D3-BF4B-00C04F79EFBC}") = "DBSnooker", "DBSnooker\DBSnooker.csproj", "{FA1BB2DF-392B-4EB4-BBA3-67946640FCAC}"
EndProject
Global
	GlobalSection(SolutionConfigurationPlatforms) = preSolution
		Debug|Any CPU = Debug|Any CPU
		Release|Any CPU = Release|Any CPU
	EndGlobalSection
	GlobalSection(ProjectConfigurationPlatforms) = postSolution
		{FA1BB2DF-392B-4EB4-BBA3-67946640FCAC}.Debug|Any CPU.ActiveCfg = Debug|Any CPU
		{FA1BB2DF-392B-4EB4-BBA3-67946640FCAC}.Debug|Any CPU.Build.0 = Debug|Any CPU
		{FA1BB2DF-392B-4EB4-BBA3-67946640FCAC}.Release|Any CPU.ActiveCfg = Release|Any CPU
		{FA1BB2DF-392B-4EB4-BBA3-67946640FCAC}.Release|Any CPU.Build.0 = Release|Any CPU
	EndGlobalSection
	GlobalSection(SolutionProperties) = preSolution
		HideSolutionNode = FALSE
	EndGlobalSection
	GlobalSection(ExtensibilityGlobals) = postSolution
		SolutionGuid = {4352B3A2-045B-4EAA-B688-7D20C1B9F480}
	EndGlobalSection
EndGlobal
